{
    "_meta": {
        "hash": {
            "sha256": "a12e0fee5be925ef89d97d3d341d63b56fa00834efb971c1fae51e637d5e89c0"
        },
        "pipfile-spec": 6,
        "requires": {
            "python_version": "3.8"
        },
        "sources": [
            {
                "name": "pypi",
                "url": "https://pypi.org/simple",
                "verify_ssl": true
            }
        ]
    },
    "default": {
        "altgraph": {
            "hashes": [
                "sha256:1f05a47122542f97028caf78775a095fbe6a2699b5089de8477eb583167d69aa",
                "sha256:c623e5f3408ca61d4016f23a681b9adb100802ca3e3da5e718915a9e4052cebe"
            ],
            "version": "==0.17"
        },
        "macholib": {
            "hashes": [
                "sha256:0c436bc847e7b1d9bda0560351bf76d7caf930fb585a828d13608839ef42c432",
                "sha256:c500f02867515e6c60a27875b408920d18332ddf96b4035ef03beddd782d4281"
            ],
            "version": "==1.14"
        },
        "pyinstaller": {
            "hashes": [
                "sha256:3730fa80d088f8bb7084d32480eb87cbb4ddb64123363763cf8f2a1378c1c4b7"
            ],
            "index": "pypi",
            "version": "==3.6"
        },
        "pyobjc-core": {
            "hashes": [
                "sha256:38e7b15a042439dadd18b28b78229e52fb882460fc16ddbae342b9972d5a827c",
                "sha256:47a89171d218905dbf13011b1a7d698c246cb66fb5f14119bc0d9e039d0486fa",
                "sha256:60d0c57de915b6ed91a9a26e3bdefdcaeb1288623c69f291338208c5a227d190",
                "sha256:73938398559b718595076fce4921022f21983dd85ebace3ecbe6182697abe164",
                "sha256:be312b7a0edb45dd8ea68e70f2b411b59677d4ceb513c48eace73cb78dbfd85f"
            ],
            "version": "==6.2.2"
        },
        "pyobjc-framework-cocoa": {
            "hashes": [
                "sha256:2a5ab2e33cafe577592c31b2663f3b23f6e142fd717c8cf3826394a380cc4353",
                "sha256:45e3011efbd8ab4eb4c7ee1f55a8b5ecb41cf66fa797aff0e9454060781645a0",
                "sha256:6f5e1d59f6e1f4be40dedf051925b8d90c561657c9ec2453652af033fe5c2bf0",
                "sha256:75821b98fb789d240bea7034c4f96396b2eac3e7b02428b4be9101fc899b7fc3",
                "sha256:779299f73b8b5a1dd0973b3b16bd706e1f67df44edfb3f3ca6e5e873591c0efc"
            ],
            "version": "==6.2.2"
        },
        "rumps": {
            "hashes": [
                "sha256:c8df19347c661cac8906fffd410727c6000f978a6c8c44a2803a1786b35c4c1f",
                "sha256:e5ea41ce62312a0f1fa4280fc587bd8b5c6ff7ed0be219752c95f013109d148a"
            ],
            "index": "pypi",
            "version": "==0.3.0"
        }
    },
    "develop": {
        "autopep8": {
            "hashes": [
                "sha256:60fd8c4341bab59963dafd5d2a566e94f547e660b9b396f772afe67d8481dbf0"
            ],
            "index": "pypi",
            "version": "==1.5.3"
        },
        "pycodestyle": {
            "hashes": [
                "sha256:2295e7b2f6b5bd100585ebcb1f616591b652db8a741695b3d8f5d28bdc934367",
                "sha256:c58a7d2815e0e8d7972bf1803331fb0152f867bd89adf8a01dfd55085434192e"
            ],
            "version": "==2.6.0"
        },
        "toml": {
            "hashes": [
                "sha256:926b612be1e5ce0634a2ca03470f95169cf16f939018233a670519cb4ac58b0f",
                "sha256:bda89d5935c2eac546d648028b9901107a595863cb36bae0c73ac804a9b4ce88"
            ],
            "version": "==0.10.1"
        }
    }
}
